
Microsoft Visual Studio Solution File, Format Version 12.00
# Visual Studio Version 17
VisualStudioVersion = 17.10.35122.118
MinimumVisualStudioVersion = 10.0.40219.1
Project("{9A19103F-16F7-4668-BE54-9A1E7A4F7556}") = "PatientService", "PatientMicroservice\PatientService.csproj", "{915B270D-4CA5-49BB-9436-57EC5DF32E6D}"
EndProject
Project("{2150E333-8FDC-42A3-9474-1A3956D46DE8}") = "MedilaboSolutions", "MedilaboSolutions", "{85E31BCB-7861-4888-A4D7-33E2170A7E57}"
EndProject
Project("{9A19103F-16F7-4668-BE54-9A1E7A4F7556}") = "ApiGateway", "ApiGateway\ApiGateway.csproj", "{ED073482-7ADE-4FE5-A857-D582EFD687DC}"
EndProject
Global
	GlobalSection(SolutionConfigurationPlatforms) = preSolution
		Debug|Any CPU = Debug|Any CPU
		Release|Any CPU = Release|Any CPU
	EndGlobalSection
	GlobalSection(ProjectConfigurationPlatforms) = postSolution
		{915B270D-4CA5-49BB-9436-57EC5DF32E6D}.Debug|Any CPU.ActiveCfg = Debug|Any CPU
		{915B270D-4CA5-49BB-9436-57EC5DF32E6D}.Debug|Any CPU.Build.0 = Debug|Any CPU
		{915B270D-4CA5-49BB-9436-57EC5DF32E6D}.Release|Any CPU.ActiveCfg = Release|Any CPU
		{915B270D-4CA5-49BB-9436-57EC5DF32E6D}.Release|Any CPU.Build.0 = Release|Any CPU
		{ED073482-7ADE-4FE5-A857-D582EFD687DC}.Debug|Any CPU.ActiveCfg = Debug|Any CPU
		{ED073482-7ADE-4FE5-A857-D582EFD687DC}.Debug|Any CPU.Build.0 = Debug|Any CPU
		{ED073482-7ADE-4FE5-A857-D582EFD687DC}.Release|Any CPU.ActiveCfg = Release|Any CPU
		{ED073482-7ADE-4FE5-A857-D582EFD687DC}.Release|Any CPU.Build.0 = Release|Any CPU
	EndGlobalSection
	GlobalSection(SolutionProperties) = preSolution
		HideSolutionNode = FALSE
	EndGlobalSection
	GlobalSection(NestedProjects) = preSolution
		{915B270D-4CA5-49BB-9436-57EC5DF32E6D} = {85E31BCB-7861-4888-A4D7-33E2170A7E57}
		{ED073482-7ADE-4FE5-A857-D582EFD687DC} = {85E31BCB-7861-4888-A4D7-33E2170A7E57}
	EndGlobalSection
	GlobalSection(ExtensibilityGlobals) = postSolution
		SolutionGuid = {0DBA41CE-4BA5-4951-B234-61C9D66EF563}
	EndGlobalSection
EndGlobal
